{
  "originHash" : "424ed61a2fa675bb3446cd323d4d955c2ea0608b496264753c63b603c9a100cd",
  "pins" : [
    {
      "identity" : "cwlcatchexception",
      "kind" : "remoteSourceControl",
      "location" : "https://github.com/mattgallagher/CwlCatchException.git",
      "state" : {
        "revision" : "3ef6999c73b6938cc0da422f2c912d0158abb0a0",
        "version" : "2.2.0"
      }
    },
    {
      "identity" : "cwlpreconditiontesting",
      "kind" : "remoteSourceControl",
      "location" : "https://github.com/mattgallagher/CwlPreconditionTesting.git",
      "state" : {
        "revision" : "2ef56b2caf25f55fa7eef8784c30d5a767550f54",
        "version" : "2.2.1"
      }
    },
    {
      "identity" : "nimble",
      "kind" : "remoteSourceControl",
      "location" : "https://github.com/Quick/Nimble",
      "state" : {
        "branch" : "main",
        "revision" : "eb1013df6bef5d6181cc8647eb3a4ad7f2610425"
      }
    },
    {
      "identity" : "viewinspector",
      "kind" : "remoteSourceControl",
      "location" : "https://github.com/nalexn/ViewInspector.git",
      "state" : {
        "revision" : "7b1732802ffe30e6a67754bda6c7819e5cb0eb70",
        "version" : "0.9.11"
      }
    }
  ],
  "version" : 3
}
