{
  "originHash" : "b54bad70a3d3bd645957e64ed4a63d0152d69db2aa03619d6e27486b13f5731d",
  "pins" : [
    {
      "identity" : "flyingfox",
      "kind" : "remoteSourceControl",
      "location" : "https://github.com/swhitty/FlyingFox.git",
      "state" : {
        "revision" : "4e246d3fb515bd2069e5c169abdc75808b90548f",
        "version" : "0.27.1"
      }
    }
  ],
  "version" : 3
}
