// !$*UTF8*$!
{
	archiveVersion = 1;
	classes = {
	};
	objectVersion = 56;
	objects = {

/* Begin PBXBuildFile section */
		864F83692BCF825800080314 /* ActionInBlogApp.swift in Sources */ = {isa = PBXBuildFile; fileRef = 864F83682BCF825800080314 /* ActionInBlogApp.swift */; };
		864F836B2BCF825800080314 /* ContentView.swift in Sources */ = {isa = PBXBuildFile; fileRef = 864F836A2BCF825800080314 /* ContentView.swift */; };
		864F836D2BCF825B00080314 /* Assets.xcassets in Resources */ = {isa = PBXBuildFile; fileRef = 864F836C2BCF825B00080314 /* Assets.xcassets */; };
		864F83702BCF825B00080314 /* Preview Assets.xcassets in Resources */ = {isa = PBXBuildFile; fileRef = 864F836F2BCF825B00080314 /* Preview Assets.xcassets */; };
		864F837A2BCF825C00080314 /* ActionInBlogTests.swift in Sources */ = {isa = PBXBuildFile; fileRef = 864F83792BCF825C00080314 /* ActionInBlogTests.swift */; };
		864F83842BCF825C00080314 /* ActionInBlogUITests.swift in Sources */ = {isa = PBXBuildFile; fileRef = 864F83832BCF825C00080314 /* ActionInBlogUITests.swift */; };
		864F83862BCF825C00080314 /* ActionInBlogUITestsLaunchTests.swift in Sources */ = {isa = PBXBuildFile; fileRef = 864F83852BCF825C00080314 /* ActionInBlogUITestsLaunchTests.swift */; };
		86A352B32BD1599E000523D4 /* ContentViewModel.swift in Sources */ = {isa = PBXBuildFile; fileRef = 86A352B22BD1599E000523D4 /* ContentViewModel.swift */; };
		86A352B52BD159F9000523D4 /* PokemonRepository.swift in Sources */ = {isa = PBXBuildFile; fileRef = 86A352B42BD159F9000523D4 /* PokemonRepository.swift */; };
		86A352B72BD15A34000523D4 /* Pokemon.swift in Sources */ = {isa = PBXBuildFile; fileRef = 86A352B62BD15A34000523D4 /* Pokemon.swift */; };
		86A352B92BD15CA1000523D4 /* PokemonPage.swift in Sources */ = {isa = PBXBuildFile; fileRef = 86A352B82BD15CA1000523D4 /* PokemonPage.swift */; };
/* End PBXBuildFile section */

/* Begin PBXContainerItemProxy section */
		864F83762BCF825C00080314 /* PBXContainerItemProxy */ = {
			isa = PBXContainerItemProxy;
			containerPortal = 864F835D2BCF825800080314 /* Project object */;
			proxyType = 1;
			remoteGlobalIDString = 864F83642BCF825800080314;
			remoteInfo = ActionInBlog;
		};
		864F83802BCF825C00080314 /* PBXContainerItemProxy */ = {
			isa = PBXContainerItemProxy;
			containerPortal = 864F835D2BCF825800080314 /* Project object */;
			proxyType = 1;
			remoteGlobalIDString = 864F83642BCF825800080314;
			remoteInfo = ActionInBlog;
		};
/* End PBXContainerItemProxy section */

/* Begin PBXFileReference section */
		864F83652BCF825800080314 /* ActionInBlog.app */ = {isa = PBXFileReference; explicitFileType = wrapper.application; includeInIndex = 0; path = ActionInBlog.app; sourceTree = BUILT_PRODUCTS_DIR; };
		864F83682BCF825800080314 /* ActionInBlogApp.swift */ = {isa = PBXFileReference; lastKnownFileType = sourcecode.swift; path = ActionInBlogApp.swift; sourceTree = "<group>"; };
		864F836A2BCF825800080314 /* ContentView.swift */ = {isa = PBXFileReference; lastKnownFileType = sourcecode.swift; path = ContentView.swift; sourceTree = "<group>"; };
		864F836C2BCF825B00080314 /* Assets.xcassets */ = {isa = PBXFileReference; lastKnownFileType = folder.assetcatalog; path = Assets.xcassets; sourceTree = "<group>"; };
		864F836F2BCF825B00080314 /* Preview Assets.xcassets */ = {isa = PBXFileReference; lastKnownFileType = folder.assetcatalog; path = "Preview Assets.xcassets"; sourceTree = "<group>"; };
		864F83752BCF825C00080314 /* ActionInBlogTests.xctest */ = {isa = PBXFileReference; explicitFileType = wrapper.cfbundle; includeInIndex = 0; path = ActionInBlogTests.xctest; sourceTree = BUILT_PRODUCTS_DIR; };
		864F83792BCF825C00080314 /* ActionInBlogTests.swift */ = {isa = PBXFileReference; lastKnownFileType = sourcecode.swift; path = ActionInBlogTests.swift; sourceTree = "<group>"; };
		864F837F2BCF825C00080314 /* ActionInBlogUITests.xctest */ = {isa = PBXFileReference; explicitFileType = wrapper.cfbundle; includeInIndex = 0; path = ActionInBlogUITests.xctest; sourceTree = BUILT_PRODUCTS_DIR; };
		864F83832BCF825C00080314 /* ActionInBlogUITests.swift */ = {isa = PBXFileReference; lastKnownFileType = sourcecode.swift; path = ActionInBlogUITests.swift; sourceTree = "<group>"; };
		864F83852BCF825C00080314 /* ActionInBlogUITestsLaunchTests.swift */ = {isa = PBXFileReference; lastKnownFileType = sourcecode.swift; path = ActionInBlogUITestsLaunchTests.swift; sourceTree = "<group>"; };
		86A352B22BD1599E000523D4 /* ContentViewModel.swift */ = {isa = PBXFileReference; lastKnownFileType = sourcecode.swift; path = ContentViewModel.swift; sourceTree = "<group>"; };
		86A352B42BD159F9000523D4 /* PokemonRepository.swift */ = {isa = PBXFileReference; lastKnownFileType = sourcecode.swift; path = PokemonRepository.swift; sourceTree = "<group>"; };
		86A352B62BD15A34000523D4 /* Pokemon.swift */ = {isa = PBXFileReference; lastKnownFileType = sourcecode.swift; path = Pokemon.swift; sourceTree = "<group>"; };
		86A352B82BD15CA1000523D4 /* PokemonPage.swift */ = {isa = PBXFileReference; lastKnownFileType = sourcecode.swift; path = PokemonPage.swift; sourceTree = "<group>"; };
/* End PBXFileReference section */

/* Begin PBXFrameworksBuildPhase section */
		864F83622BCF825800080314 /* Frameworks */ = {
			isa = PBXFrameworksBuildPhase;
			buildActionMask = 2147483647;
			files = (
			);
			runOnlyForDeploymentPostprocessing = 0;
		};
		864F83722BCF825C00080314 /* Frameworks */ = {
			isa = PBXFrameworksBuildPhase;
			buildActionMask = 2147483647;
			files = (
			);
			runOnlyForDeploymentPostprocessing = 0;
		};
		864F837C2BCF825C00080314 /* Frameworks */ = {
			isa = PBXFrameworksBuildPhase;
			buildActionMask = 2147483647;
			files = (
			);
			runOnlyForDeploymentPostprocessing = 0;
		};
/* End PBXFrameworksBuildPhase section */

/* Begin PBXGroup section */
		864F835C2BCF825800080314 = {
			isa = PBXGroup;
			children = (
				864F83672BCF825800080314 /* ActionInBlog */,
				864F83782BCF825C00080314 /* ActionInBlogTests */,
				864F83822BCF825C00080314 /* ActionInBlogUITests */,
				864F83662BCF825800080314 /* Products */,
			);
			sourceTree = "<group>";
		};
		864F83662BCF825800080314 /* Products */ = {
			isa = PBXGroup;
			children = (
				864F83652BCF825800080314 /* ActionInBlog.app */,
				864F83752BCF825C00080314 /* ActionInBlogTests.xctest */,
				864F837F2BCF825C00080314 /* ActionInBlogUITests.xctest */,
			);
			name = Products;
			sourceTree = "<group>";
		};
		864F83672BCF825800080314 /* ActionInBlog */ = {
			isa = PBXGroup;
			children = (
				864F83682BCF825800080314 /* ActionInBlogApp.swift */,
				864F836C2BCF825B00080314 /* Assets.xcassets */,
				86A352BA2BD1E9DC000523D4 /* Domains */,
				86A352B12BD1594F000523D4 /* Models */,
				86A352B02BD15940000523D4 /* ViewModels */,
				86A352AF2BD1592F000523D4 /* Views */,
				864F836E2BCF825B00080314 /* Preview Content */,
			);
			path = ActionInBlog;
			sourceTree = "<group>";
		};
		864F836E2BCF825B00080314 /* Preview Content */ = {
			isa = PBXGroup;
			children = (
				864F836F2BCF825B00080314 /* Preview Assets.xcassets */,
			);
			path = "Preview Content";
			sourceTree = "<group>";
		};
		864F83782BCF825C00080314 /* ActionInBlogTests */ = {
			isa = PBXGroup;
			children = (
				864F83792BCF825C00080314 /* ActionInBlogTests.swift */,
			);
			path = ActionInBlogTests;
			sourceTree = "<group>";
		};
		864F83822BCF825C00080314 /* ActionInBlogUITests */ = {
			isa = PBXGroup;
			children = (
				864F83832BCF825C00080314 /* ActionInBlogUITests.swift */,
				864F83852BCF825C00080314 /* ActionInBlogUITestsLaunchTests.swift */,
			);
			path = ActionInBlogUITests;
			sourceTree = "<group>";
		};
		86A352AF2BD1592F000523D4 /* Views */ = {
			isa = PBXGroup;
			children = (
				864F836A2BCF825800080314 /* ContentView.swift */,
			);
			path = Views;
			sourceTree = "<group>";
		};
		86A352B02BD15940000523D4 /* ViewModels */ = {
			isa = PBXGroup;
			children = (
				86A352B22BD1599E000523D4 /* ContentViewModel.swift */,
			);
			path = ViewModels;
			sourceTree = "<group>";
		};
		86A352B12BD1594F000523D4 /* Models */ = {
			isa = PBXGroup;
			children = (
				86A352B42BD159F9000523D4 /* PokemonRepository.swift */,
			);
			path = Models;
			sourceTree = "<group>";
		};
		86A352BA2BD1E9DC000523D4 /* Domains */ = {
			isa = PBXGroup;
			children = (
				86A352B62BD15A34000523D4 /* Pokemon.swift */,
				86A352B82BD15CA1000523D4 /* PokemonPage.swift */,
			);
			path = Domains;
			sourceTree = "<group>";
		};
/* End PBXGroup section */

/* Begin PBXNativeTarget section */
		864F83642BCF825800080314 /* ActionInBlog */ = {
			isa = PBXNativeTarget;
			buildConfigurationList = 864F83892BCF825C00080314 /* Build configuration list for PBXNativeTarget "ActionInBlog" */;
			buildPhases = (
				864F83612BCF825800080314 /* Sources */,
				864F83622BCF825800080314 /* Frameworks */,
				864F83632BCF825800080314 /* Resources */,
			);
			buildRules = (
			);
			dependencies = (
			);
			name = ActionInBlog;
			productName = ActionInBlog;
			productReference = 864F83652BCF825800080314 /* ActionInBlog.app */;
			productType = "com.apple.product-type.application";
		};
		864F83742BCF825C00080314 /* ActionInBlogTests */ = {
			isa = PBXNativeTarget;
			buildConfigurationList = 864F838C2BCF825C00080314 /* Build configuration list for PBXNativeTarget "ActionInBlogTests" */;
			buildPhases = (
				864F83712BCF825C00080314 /* Sources */,
				864F83722BCF825C00080314 /* Frameworks */,
				864F83732BCF825C00080314 /* Resources */,
			);
			buildRules = (
			);
			dependencies = (
				864F83772BCF825C00080314 /* PBXTargetDependency */,
			);
			name = ActionInBlogTests;
			productName = ActionInBlogTests;
			productReference = 864F83752BCF825C00080314 /* ActionInBlogTests.xctest */;
			productType = "com.apple.product-type.bundle.unit-test";
		};
		864F837E2BCF825C00080314 /* ActionInBlogUITests */ = {
			isa = PBXNativeTarget;
			buildConfigurationList = 864F838F2BCF825C00080314 /* Build configuration list for PBXNativeTarget "ActionInBlogUITests" */;
			buildPhases = (
				864F837B2BCF825C00080314 /* Sources */,
				864F837C2BCF825C00080314 /* Frameworks */,
				864F837D2BCF825C00080314 /* Resources */,
			);
			buildRules = (
			);
			dependencies = (
				864F83812BCF825C00080314 /* PBXTargetDependency */,
			);
			name = ActionInBlogUITests;
			productName = ActionInBlogUITests;
			productReference = 864F837F2BCF825C00080314 /* ActionInBlogUITests.xctest */;
			productType = "com.apple.product-type.bundle.ui-testing";
		};
/* End PBXNativeTarget section */

/* Begin PBXProject section */
		864F835D2BCF825800080314 /* Project object */ = {
			isa = PBXProject;
			attributes = {
				BuildIndependentTargetsInParallel = 1;
				LastSwiftUpdateCheck = 1530;
				LastUpgradeCheck = 1530;
				TargetAttributes = {
					864F83642BCF825800080314 = {
						CreatedOnToolsVersion = 15.3;
					};
					864F83742BCF825C00080314 = {
						CreatedOnToolsVersion = 15.3;
						TestTargetID = 864F83642BCF825800080314;
					};
					864F837E2BCF825C00080314 = {
						CreatedOnToolsVersion = 15.3;
						TestTargetID = 864F83642BCF825800080314;
					};
				};
			};
			buildConfigurationList = 864F83602BCF825800080314 /* Build configuration list for PBXProject "ActionInBlog" */;
			compatibilityVersion = "Xcode 14.0";
			developmentRegion = en;
			hasScannedForEncodings = 0;
			knownRegions = (
				en,
				Base,
			);
			mainGroup = 864F835C2BCF825800080314;
			productRefGroup = 864F83662BCF825800080314 /* Products */;
			projectDirPath = "";
			projectRoot = "";
			targets = (
				864F83642BCF825800080314 /* ActionInBlog */,
				864F83742BCF825C00080314 /* ActionInBlogTests */,
				864F837E2BCF825C00080314 /* ActionInBlogUITests */,
			);
		};
/* End PBXProject section */

/* Begin PBXResourcesBuildPhase section */
		864F83632BCF825800080314 /* Resources */ = {
			isa = PBXResourcesBuildPhase;
			buildActionMask = 2147483647;
			files = (
				864F83702BCF825B00080314 /* Preview Assets.xcassets in Resources */,
				864F836D2BCF825B00080314 /* Assets.xcassets in Resources */,
			);
			runOnlyForDeploymentPostprocessing = 0;
		};
		864F83732BCF825C00080314 /* Resources */ = {
			isa = PBXResourcesBuildPhase;
			buildActionMask = 2147483647;
			files = (
			);
			runOnlyForDeploymentPostprocessing = 0;
		};
		864F837D2BCF825C00080314 /* Resources */ = {
			isa = PBXResourcesBuildPhase;
			buildActionMask = 2147483647;
			files = (
			);
			runOnlyForDeploymentPostprocessing = 0;
		};
/* End PBXResourcesBuildPhase section */

/* Begin PBXSourcesBuildPhase section */
		864F83612BCF825800080314 /* Sources */ = {
			isa = PBXSourcesBuildPhase;
			buildActionMask = 2147483647;
			files = (
				86A352B72BD15A34000523D4 /* Pokemon.swift in Sources */,
				864F836B2BCF825800080314 /* ContentView.swift in Sources */,
				86A352B92BD15CA1000523D4 /* PokemonPage.swift in Sources */,
				864F83692BCF825800080314 /* ActionInBlogApp.swift in Sources */,
				86A352B32BD1599E000523D4 /* ContentViewModel.swift in Sources */,
				86A352B52BD159F9000523D4 /* PokemonRepository.swift in Sources */,
			);
			runOnlyForDeploymentPostprocessing = 0;
		};
		864F83712BCF825C00080314 /* Sources */ = {
			isa = PBXSourcesBuildPhase;
			buildActionMask = 2147483647;
			files = (
				864F837A2BCF825C00080314 /* ActionInBlogTests.swift in Sources */,
			);
			runOnlyForDeploymentPostprocessing = 0;
		};
		864F837B2BCF825C00080314 /* Sources */ = {
			isa = PBXSourcesBuildPhase;
			buildActionMask = 2147483647;
			files = (
				864F83842BCF825C00080314 /* ActionInBlogUITests.swift in Sources */,
				864F83862BCF825C00080314 /* ActionInBlogUITestsLaunchTests.swift in Sources */,
			);
			runOnlyForDeploymentPostprocessing = 0;
		};
/* End PBXSourcesBuildPhase section */

/* Begin PBXTargetDependency section */
		864F83772BCF825C00080314 /* PBXTargetDependency */ = {
			isa = PBXTargetDependency;
			target = 864F83642BCF825800080314 /* ActionInBlog */;
			targetProxy = 864F83762BCF825C00080314 /* PBXContainerItemProxy */;
		};
		864F83812BCF825C00080314 /* PBXTargetDependency */ = {
			isa = PBXTargetDependency;
			target = 864F83642BCF825800080314 /* ActionInBlog */;
			targetProxy = 864F83802BCF825C00080314 /* PBXContainerItemProxy */;
		};
/* End PBXTargetDependency section */

/* Begin XCBuildConfiguration section */
		864F83872BCF825C00080314 /* Debug */ = {
			isa = XCBuildConfiguration;
			buildSettings = {
				ALWAYS_SEARCH_USER_PATHS = NO;
				ASSETCATALOG_COMPILER_GENERATE_SWIFT_ASSET_SYMBOL_EXTENSIONS = YES;
				CLANG_ANALYZER_NONNULL = YES;
				CLANG_ANALYZER_NUMBER_OBJECT_CONVERSION = YES_AGGRESSIVE;
				CLANG_CXX_LANGUAGE_STANDARD = "gnu++20";
				CLANG_ENABLE_MODULES = YES;
				CLANG_ENABLE_OBJC_ARC = YES;
				CLANG_ENABLE_OBJC_WEAK = YES;
				CLANG_WARN_BLOCK_CAPTURE_AUTORELEASING = YES;
				CLANG_WARN_BOOL_CONVERSION = YES;
				CLANG_WARN_COMMA = YES;
				CLANG_WARN_CONSTANT_CONVERSION = YES;
				CLANG_WARN_DEPRECATED_OBJC_IMPLEMENTATIONS = YES;
				CLANG_WARN_DIRECT_OBJC_ISA_USAGE = YES_ERROR;
				CLANG_WARN_DOCUMENTATION_COMMENTS = YES;
				CLANG_WARN_EMPTY_BODY = YES;
				CLANG_WARN_ENUM_CONVERSION = YES;
				CLANG_WARN_INFINITE_RECURSION = YES;
				CLANG_WARN_INT_CONVERSION = YES;
				CLANG_WARN_NON_LITERAL_NULL_CONVERSION = YES;
				CLANG_WARN_OBJC_IMPLICIT_RETAIN_SELF = YES;
				CLANG_WARN_OBJC_LITERAL_CONVERSION = YES;
				CLANG_WARN_OBJC_ROOT_CLASS = YES_ERROR;
				CLANG_WARN_QUOTED_INCLUDE_IN_FRAMEWORK_HEADER = YES;
				CLANG_WARN_RANGE_LOOP_ANALYSIS = YES;
				CLANG_WARN_STRICT_PROTOTYPES = YES;
				CLANG_WARN_SUSPICIOUS_MOVE = YES;
				CLANG_WARN_UNGUARDED_AVAILABILITY = YES_AGGRESSIVE;
				CLANG_WARN_UNREACHABLE_CODE = YES;
				CLANG_WARN__DUPLICATE_METHOD_MATCH = YES;
				COPY_PHASE_STRIP = NO;
				DEBUG_INFORMATION_FORMAT = dwarf;
				ENABLE_STRICT_OBJC_MSGSEND = YES;
				ENABLE_TESTABILITY = YES;
				ENABLE_USER_SCRIPT_SANDBOXING = YES;
				GCC_C_LANGUAGE_STANDARD = gnu17;
				GCC_DYNAMIC_NO_PIC = NO;
				GCC_NO_COMMON_BLOCKS = YES;
				GCC_OPTIMIZATION_LEVEL = 0;
				GCC_PREPROCESSOR_DEFINITIONS = (
					"DEBUG=1",
					"$(inherited)",
				);
				GCC_WARN_64_TO_32_BIT_CONVERSION = YES;
				GCC_WARN_ABOUT_RETURN_TYPE = YES_ERROR;
				GCC_WARN_UNDECLARED_SELECTOR = YES;
				GCC_WARN_UNINITIALIZED_AUTOS = YES_AGGRESSIVE;
				GCC_WARN_UNUSED_FUNCTION = YES;
				GCC_WARN_UNUSED_VARIABLE = YES;
				IPHONEOS_DEPLOYMENT_TARGET = 17.4;
				LOCALIZATION_PREFERS_STRING_CATALOGS = YES;
				MTL_ENABLE_DEBUG_INFO = INCLUDE_SOURCE;
				MTL_FAST_MATH = YES;
				ONLY_ACTIVE_ARCH = YES;
				SDKROOT = iphoneos;
				SWIFT_ACTIVE_COMPILATION_CONDITIONS = "DEBUG $(inherited)";
				SWIFT_OPTIMIZATION_LEVEL = "-Onone";
			};
			name = Debug;
		};
		864F83882BCF825C00080314 /* Release */ = {
			isa = XCBuildConfiguration;
			buildSettings = {
				ALWAYS_SEARCH_USER_PATHS = NO;
				ASSETCATALOG_COMPILER_GENERATE_SWIFT_ASSET_SYMBOL_EXTENSIONS = YES;
				CLANG_ANALYZER_NONNULL = YES;
				CLANG_ANALYZER_NUMBER_OBJECT_CONVERSION = YES_AGGRESSIVE;
				CLANG_CXX_LANGUAGE_STANDARD = "gnu++20";
				CLANG_ENABLE_MODULES = YES;
				CLANG_ENABLE_OBJC_ARC = YES;
				CLANG_ENABLE_OBJC_WEAK = YES;
				CLANG_WARN_BLOCK_CAPTURE_AUTORELEASING = YES;
				CLANG_WARN_BOOL_CONVERSION = YES;
				CLANG_WARN_COMMA = YES;
				CLANG_WARN_CONSTANT_CONVERSION = YES;
				CLANG_WARN_DEPRECATED_OBJC_IMPLEMENTATIONS = YES;
				CLANG_WARN_DIRECT_OBJC_ISA_USAGE = YES_ERROR;
				CLANG_WARN_DOCUMENTATION_COMMENTS = YES;
				CLANG_WARN_EMPTY_BODY = YES;
				CLANG_WARN_ENUM_CONVERSION = YES;
				CLANG_WARN_INFINITE_RECURSION = YES;
				CLANG_WARN_INT_CONVERSION = YES;
				CLANG_WARN_NON_LITERAL_NULL_CONVERSION = YES;
				CLANG_WARN_OBJC_IMPLICIT_RETAIN_SELF = YES;
				CLANG_WARN_OBJC_LITERAL_CONVERSION = YES;
				CLANG_WARN_OBJC_ROOT_CLASS = YES_ERROR;
				CLANG_WARN_QUOTED_INCLUDE_IN_FRAMEWORK_HEADER = YES;
				CLANG_WARN_RANGE_LOOP_ANALYSIS = YES;
				CLANG_WARN_STRICT_PROTOTYPES = YES;
				CLANG_WARN_SUSPICIOUS_MOVE = YES;
				CLANG_WARN_UNGUARDED_AVAILABILITY = YES_AGGRESSIVE;
				CLANG_WARN_UNREACHABLE_CODE = YES;
				CLANG_WARN__DUPLICATE_METHOD_MATCH = YES;
				COPY_PHASE_STRIP = NO;
				DEBUG_INFORMATION_FORMAT = "dwarf-with-dsym";
				ENABLE_NS_ASSERTIONS = NO;
				ENABLE_STRICT_OBJC_MSGSEND = YES;
				ENABLE_USER_SCRIPT_SANDBOXING = YES;
				GCC_C_LANGUAGE_STANDARD = gnu17;
				GCC_NO_COMMON_BLOCKS = YES;
				GCC_WARN_64_TO_32_BIT_CONVERSION = YES;
				GCC_WARN_ABOUT_RETURN_TYPE = YES_ERROR;
				GCC_WARN_UNDECLARED_SELECTOR = YES;
				GCC_WARN_UNINITIALIZED_AUTOS = YES_AGGRESSIVE;
				GCC_WARN_UNUSED_FUNCTION = YES;
				GCC_WARN_UNUSED_VARIABLE = YES;
				IPHONEOS_DEPLOYMENT_TARGET = 17.4;
				LOCALIZATION_PREFERS_STRING_CATALOGS = YES;
				MTL_ENABLE_DEBUG_INFO = NO;
				MTL_FAST_MATH = YES;
				SDKROOT = iphoneos;
				SWIFT_COMPILATION_MODE = wholemodule;
				VALIDATE_PRODUCT = YES;
			};
			name = Release;
		};
		864F838A2BCF825C00080314 /* Debug */ = {
			isa = XCBuildConfiguration;
			buildSettings = {
				ASSETCATALOG_COMPILER_APPICON_NAME = AppIcon;
				ASSETCATALOG_COMPILER_GLOBAL_ACCENT_COLOR_NAME = AccentColor;
				CODE_SIGN_STYLE = Automatic;
				CURRENT_PROJECT_VERSION = 1;
				DEVELOPMENT_ASSET_PATHS = "\"ActionInBlog/Preview Content\"";
				DEVELOPMENT_TEAM = 3H26KDY29L;
				ENABLE_PREVIEWS = YES;
				GENERATE_INFOPLIST_FILE = YES;
				INFOPLIST_KEY_UIApplicationSceneManifest_Generation = YES;
				INFOPLIST_KEY_UIApplicationSupportsIndirectInputEvents = YES;
				INFOPLIST_KEY_UILaunchScreen_Generation = YES;
				INFOPLIST_KEY_UISupportedInterfaceOrientations_iPad = "UIInterfaceOrientationPortrait UIInterfaceOrientationPortraitUpsideDown UIInterfaceOrientationLandscapeLeft UIInterfaceOrientationLandscapeRight";
				INFOPLIST_KEY_UISupportedInterfaceOrientations_iPhone = "UIInterfaceOrientationPortrait UIInterfaceOrientationLandscapeLeft UIInterfaceOrientationLandscapeRight";
				LD_RUNPATH_SEARCH_PATHS = (
					"$(inherited)",
					"@executable_path/Frameworks",
				);
				MARKETING_VERSION = 1.0;
				PRODUCT_BUNDLE_IDENTIFIER = action.in.ActionInBlog;
				PRODUCT_NAME = "$(TARGET_NAME)";
				SWIFT_EMIT_LOC_STRINGS = YES;
				SWIFT_VERSION = 5.0;
				TARGETED_DEVICE_FAMILY = "1,2";
			};
			name = Debug;
		};
		864F838B2BCF825C00080314 /* Release */ = {
			isa = XCBuildConfiguration;
			buildSettings = {
				ASSETCATALOG_COMPILER_APPICON_NAME = AppIcon;
				ASSETCATALOG_COMPILER_GLOBAL_ACCENT_COLOR_NAME = AccentColor;
				CODE_SIGN_STYLE = Automatic;
				CURRENT_PROJECT_VERSION = 1;
				DEVELOPMENT_ASSET_PATHS = "\"ActionInBlog/Preview Content\"";
				DEVELOPMENT_TEAM = 3H26KDY29L;
				ENABLE_PREVIEWS = YES;
				GENERATE_INFOPLIST_FILE = YES;
				INFOPLIST_KEY_UIApplicationSceneManifest_Generation = YES;
				INFOPLIST_KEY_UIApplicationSupportsIndirectInputEvents = YES;
				INFOPLIST_KEY_UILaunchScreen_Generation = YES;
				INFOPLIST_KEY_UISupportedInterfaceOrientations_iPad = "UIInterfaceOrientationPortrait UIInterfaceOrientationPortraitUpsideDown UIInterfaceOrientationLandscapeLeft UIInterfaceOrientationLandscapeRight";
				INFOPLIST_KEY_UISupportedInterfaceOrientations_iPhone = "UIInterfaceOrientationPortrait UIInterfaceOrientationLandscapeLeft UIInterfaceOrientationLandscapeRight";
				LD_RUNPATH_SEARCH_PATHS = (
					"$(inherited)",
					"@executable_path/Frameworks",
				);
				MARKETING_VERSION = 1.0;
				PRODUCT_BUNDLE_IDENTIFIER = action.in.ActionInBlog;
				PRODUCT_NAME = "$(TARGET_NAME)";
				SWIFT_EMIT_LOC_STRINGS = YES;
				SWIFT_VERSION = 5.0;
				TARGETED_DEVICE_FAMILY = "1,2";
			};
			name = Release;
		};
		864F838D2BCF825C00080314 /* Debug */ = {
			isa = XCBuildConfiguration;
			buildSettings = {
				ALWAYS_EMBED_SWIFT_STANDARD_LIBRARIES = YES;
				BUNDLE_LOADER = "$(TEST_HOST)";
				CODE_SIGN_STYLE = Automatic;
				CURRENT_PROJECT_VERSION = 1;
				DEVELOPMENT_TEAM = 3H26KDY29L;
				GENERATE_INFOPLIST_FILE = YES;
				IPHONEOS_DEPLOYMENT_TARGET = 17.4;
				MARKETING_VERSION = 1.0;
				PRODUCT_BUNDLE_IDENTIFIER = action.in.ActionInBlogTests;
				PRODUCT_NAME = "$(TARGET_NAME)";
				SWIFT_EMIT_LOC_STRINGS = NO;
				SWIFT_VERSION = 5.0;
				TARGETED_DEVICE_FAMILY = "1,2";
				TEST_HOST = "$(BUILT_PRODUCTS_DIR)/ActionInBlog.app/$(BUNDLE_EXECUTABLE_FOLDER_PATH)/ActionInBlog";
			};
			name = Debug;
		};
		864F838E2BCF825C00080314 /* Release */ = {
			isa = XCBuildConfiguration;
			buildSettings = {
				ALWAYS_EMBED_SWIFT_STANDARD_LIBRARIES = YES;
				BUNDLE_LOADER = "$(TEST_HOST)";
				CODE_SIGN_STYLE = Automatic;
				CURRENT_PROJECT_VERSION = 1;
				DEVELOPMENT_TEAM = 3H26KDY29L;
				GENERATE_INFOPLIST_FILE = YES;
				IPHONEOS_DEPLOYMENT_TARGET = 17.4;
				MARKETING_VERSION = 1.0;
				PRODUCT_BUNDLE_IDENTIFIER = action.in.ActionInBlogTests;
				PRODUCT_NAME = "$(TARGET_NAME)";
				SWIFT_EMIT_LOC_STRINGS = NO;
				SWIFT_VERSION = 5.0;
				TARGETED_DEVICE_FAMILY = "1,2";
				TEST_HOST = "$(BUILT_PRODUCTS_DIR)/ActionInBlog.app/$(BUNDLE_EXECUTABLE_FOLDER_PATH)/ActionInBlog";
			};
			name = Release;
		};
		864F83902BCF825C00080314 /* Debug */ = {
			isa = XCBuildConfiguration;
			buildSettings = {
				ALWAYS_EMBED_SWIFT_STANDARD_LIBRARIES = YES;
				CODE_SIGN_STYLE = Automatic;
				CURRENT_PROJECT_VERSION = 1;
				DEVELOPMENT_TEAM = 3H26KDY29L;
				GENERATE_INFOPLIST_FILE = YES;
				MARKETING_VERSION = 1.0;
				PRODUCT_BUNDLE_IDENTIFIER = action.in.ActionInBlogUITests;
				PRODUCT_NAME = "$(TARGET_NAME)";
				SWIFT_EMIT_LOC_STRINGS = NO;
				SWIFT_VERSION = 5.0;
				TARGETED_DEVICE_FAMILY = "1,2";
				TEST_TARGET_NAME = ActionInBlog;
			};
			name = Debug;
		};
		864F83912BCF825C00080314 /* Release */ = {
			isa = XCBuildConfiguration;
			buildSettings = {
				ALWAYS_EMBED_SWIFT_STANDARD_LIBRARIES = YES;
				CODE_SIGN_STYLE = Automatic;
				CURRENT_PROJECT_VERSION = 1;
				DEVELOPMENT_TEAM = 3H26KDY29L;
				GENERATE_INFOPLIST_FILE = YES;
				MARKETING_VERSION = 1.0;
				PRODUCT_BUNDLE_IDENTIFIER = action.in.ActionInBlogUITests;
				PRODUCT_NAME = "$(TARGET_NAME)";
				SWIFT_EMIT_LOC_STRINGS = NO;
				SWIFT_VERSION = 5.0;
				TARGETED_DEVICE_FAMILY = "1,2";
				TEST_TARGET_NAME = ActionInBlog;
			};
			name = Release;
		};
/* End XCBuildConfiguration section */

/* Begin XCConfigurationList section */
		864F83602BCF825800080314 /* Build configuration list for PBXProject "ActionInBlog" */ = {
			isa = XCConfigurationList;
			buildConfigurations = (
				864F83872BCF825C00080314 /* Debug */,
				864F83882BCF825C00080314 /* Release */,
			);
			defaultConfigurationIsVisible = 0;
			defaultConfigurationName = Release;
		};
		864F83892BCF825C00080314 /* Build configuration list for PBXNativeTarget "ActionInBlog" */ = {
			isa = XCConfigurationList;
			buildConfigurations = (
				864F838A2BCF825C00080314 /* Debug */,
				864F838B2BCF825C00080314 /* Release */,
			);
			defaultConfigurationIsVisible = 0;
			defaultConfigurationName = Release;
		};
		864F838C2BCF825C00080314 /* Build configuration list for PBXNativeTarget "ActionInBlogTests" */ = {
			isa = XCConfigurationList;
			buildConfigurations = (
				864F838D2BCF825C00080314 /* Debug */,
				864F838E2BCF825C00080314 /* Release */,
			);
			defaultConfigurationIsVisible = 0;
			defaultConfigurationName = Release;
		};
		864F838F2BCF825C00080314 /* Build configuration list for PBXNativeTarget "ActionInBlogUITests" */ = {
			isa = XCConfigurationList;
			buildConfigurations = (
				864F83902BCF825C00080314 /* Debug */,
				864F83912BCF825C00080314 /* Release */,
			);
			defaultConfigurationIsVisible = 0;
			defaultConfigurationName = Release;
		};
/* End XCConfigurationList section */
	};
	rootObject = 864F835D2BCF825800080314 /* Project object */;
}
